// !$*UTF8*$!
{
	archiveVersion = 1;
	classes = {
	};
	objectVersion = 46;
	objects = {

/* Begin PBXBuildFile section */
		944965811F451E3A004FE8D6 /* AppDelegate.swift in Sources */ = {isa = PBXBuildFile; fileRef = 944965801F451E3A004FE8D6 /* AppDelegate.swift */; };
		944965831F451E3A004FE8D6 /* ViewController.swift in Sources */ = {isa = PBXBuildFile; fileRef = 944965821F451E3A004FE8D6 /* ViewController.swift */; };
		944965861F451E3A004FE8D6 /* Main.storyboard in Resources */ = {isa = PBXBuildFile; fileRef = 944965841F451E3A004FE8D6 /* Main.storyboard */; };
		944965881F451E3A004FE8D6 /* Assets.xcassets in Resources */ = {isa = PBXBuildFile; fileRef = 944965871F451E3A004FE8D6 /* Assets.xcassets */; };
		9449658B1F451E3A004FE8D6 /* LaunchScreen.storyboard in Resources */ = {isa = PBXBuildFile; fileRef = 944965891F451E3A004FE8D6 /* LaunchScreen.storyboard */; };
		944965931F4522BF004FE8D6 /* LoginViewController.swift in Sources */ = {isa = PBXBuildFile; fileRef = 944965921F4522BF004FE8D6 /* LoginViewController.swift */; };
		94AEB5CE1F455A4A0037CDF0 /* Book.swift in Sources */ = {isa = PBXBuildFile; fileRef = 94AEB5CD1F455A4A0037CDF0 /* Book.swift */; };
		94AEB5D01F4563380037CDF0 /* BookDetailViewController.swift in Sources */ = {isa = PBXBuildFile; fileRef = 94AEB5CF1F4563380037CDF0 /* BookDetailViewController.swift */; };
		94AEB5D21F456E750037CDF0 /* WebViewController.swift in Sources */ = {isa = PBXBuildFile; fileRef = 94AEB5D11F456E750037CDF0 /* WebViewController.swift */; };
		94AEB5FD1F46C8B50037CDF0 /* BookListTableViewController.swift in Sources */ = {isa = PBXBuildFile; fileRef = 94AEB5FC1F46C8B50037CDF0 /* BookListTableViewController.swift */; };
		94AEB5FF1F46C8BA0037CDF0 /* AddBookViewController.swift in Sources */ = {isa = PBXBuildFile; fileRef = 94AEB5FE1F46C8BA0037CDF0 /* AddBookViewController.swift */; };
/* End PBXBuildFile section */

/* Begin PBXFileReference section */
		9449657D1F451E39004FE8D6 /* MyBook.app */ = {isa = PBXFileReference; explicitFileType = wrapper.application; includeInIndex = 0; path = MyBook.app; sourceTree = BUILT_PRODUCTS_DIR; };
		944965801F451E3A004FE8D6 /* AppDelegate.swift */ = {isa = PBXFileReference; lastKnownFileType = sourcecode.swift; path = AppDelegate.swift; sourceTree = "<group>"; };
		944965821F451E3A004FE8D6 /* ViewController.swift */ = {isa = PBXFileReference; lastKnownFileType = sourcecode.swift; path = ViewController.swift; sourceTree = "<group>"; };
		944965851F451E3A004FE8D6 /* Base */ = {isa = PBXFileReference; lastKnownFileType = file.storyboard; name = Base; path = Base.lproj/Main.storyboard; sourceTree = "<group>"; };
		944965871F451E3A004FE8D6 /* Assets.xcassets */ = {isa = PBXFileReference; lastKnownFileType = folder.assetcatalog; path = Assets.xcassets; sourceTree = "<group>"; };
		9449658A1F451E3A004FE8D6 /* Base */ = {isa = PBXFileReference; lastKnownFileType = file.storyboard; name = Base; path = Base.lproj/LaunchScreen.storyboard; sourceTree = "<group>"; };
		9449658C1F451E3A004FE8D6 /* Info.plist */ = {isa = PBXFileReference; lastKnownFileType = text.plist.xml; path = Info.plist; sourceTree = "<group>"; };
		944965921F4522BF004FE8D6 /* LoginViewController.swift */ = {isa = PBXFileReference; fileEncoding = 4; lastKnownFileType = sourcecode.swift; path = LoginViewController.swift; sourceTree = "<group>"; };
		94AEB5CD1F455A4A0037CDF0 /* Book.swift */ = {isa = PBXFileReference; fileEncoding = 4; lastKnownFileType = sourcecode.swift; path = Book.swift; sourceTree = "<group>"; };
		94AEB5CF1F4563380037CDF0 /* BookDetailViewController.swift */ = {isa = PBXFileReference; fileEncoding = 4; lastKnownFileType = sourcecode.swift; path = BookDetailViewController.swift; sourceTree = "<group>"; };
		94AEB5D11F456E750037CDF0 /* WebViewController.swift */ = {isa = PBXFileReference; fileEncoding = 4; lastKnownFileType = sourcecode.swift; path = WebViewController.swift; sourceTree = "<group>"; };
		94AEB5FC1F46C8B50037CDF0 /* BookListTableViewController.swift */ = {isa = PBXFileReference; fileEncoding = 4; lastKnownFileType = sourcecode.swift; path = BookListTableViewController.swift; sourceTree = "<group>"; };
		94AEB5FE1F46C8BA0037CDF0 /* AddBookViewController.swift */ = {isa = PBXFileReference; fileEncoding = 4; lastKnownFileType = sourcecode.swift; path = AddBookViewController.swift; sourceTree = "<group>"; };
/* End PBXFileReference section */

/* Begin PBXFrameworksBuildPhase section */
		9449657A1F451E39004FE8D6 /* Frameworks */ = {
			isa = PBXFrameworksBuildPhase;
			buildActionMask = 2147483647;
			files = (
			);
			runOnlyForDeploymentPostprocessing = 0;
		};
/* End PBXFrameworksBuildPhase section */

/* Begin PBXGroup section */
		944965741F451E39004FE8D6 = {
			isa = PBXGroup;
			children = (
				9449657F1F451E3A004FE8D6 /* MyBook */,
				9449657E1F451E39004FE8D6 /* Products */,
			);
			sourceTree = "<group>";
		};
		9449657E1F451E39004FE8D6 /* Products */ = {
			isa = PBXGroup;
			children = (
				9449657D1F451E39004FE8D6 /* MyBook.app */,
			);
			name = Products;
			sourceTree = "<group>";
		};
		9449657F1F451E3A004FE8D6 /* MyBook */ = {
			isa = PBXGroup;
			children = (
				94AEB5FC1F46C8B50037CDF0 /* BookListTableViewController.swift */,
				94AEB5CD1F455A4A0037CDF0 /* Book.swift */,
				94AEB5FE1F46C8BA0037CDF0 /* AddBookViewController.swift */,
				944965801F451E3A004FE8D6 /* AppDelegate.swift */,
				944965821F451E3A004FE8D6 /* ViewController.swift */,
				944965841F451E3A004FE8D6 /* Main.storyboard */,
				94AEB5D11F456E750037CDF0 /* WebViewController.swift */,
				94AEB5CF1F4563380037CDF0 /* BookDetailViewController.swift */,
				944965871F451E3A004FE8D6 /* Assets.xcassets */,
				944965891F451E3A004FE8D6 /* LaunchScreen.storyboard */,
				9449658C1F451E3A004FE8D6 /* Info.plist */,
				944965921F4522BF004FE8D6 /* LoginViewController.swift */,
			);
			path = MyBook;
			sourceTree = "<group>";
		};
/* End PBXGroup section */

/* Begin PBXNativeTarget section */
		9449657C1F451E39004FE8D6 /* MyBook */ = {
			isa = PBXNativeTarget;
			buildConfigurationList = 9449658F1F451E3A004FE8D6 /* Build configuration list for PBXNativeTarget "MyBook" */;
			buildPhases = (
				944965791F451E39004FE8D6 /* Sources */,
				9449657A1F451E39004FE8D6 /* Frameworks */,
				9449657B1F451E39004FE8D6 /* Resources */,
			);
			buildRules = (
			);
			dependencies = (
			);
			name = MyBook;
			productName = MyBook;
			productReference = 9449657D1F451E39004FE8D6 /* MyBook.app */;
			productType = "com.apple.product-type.application";
		};
/* End PBXNativeTarget section */

/* Begin PBXProject section */
		944965751F451E39004FE8D6 /* Project object */ = {
			isa = PBXProject;
			attributes = {
				LastSwiftUpdateCheck = 0830;
				LastUpgradeCheck = 0830;
				ORGANIZATIONNAME = "OliveNetworks, Inc.";
				TargetAttributes = {
					9449657C1F451E39004FE8D6 = {
						CreatedOnToolsVersion = 8.3.3;
						DevelopmentTeam = LS2H5K9TR4;
						ProvisioningStyle = Automatic;
					};
				};
			};
			buildConfigurationList = 944965781F451E39004FE8D6 /* Build configuration list for PBXProject "MyBook" */;
			compatibilityVersion = "Xcode 3.2";
			developmentRegion = English;
			hasScannedForEncodings = 0;
			knownRegions = (
				en,
				Base,
			);
			mainGroup = 944965741F451E39004FE8D6;
			productRefGroup = 9449657E1F451E39004FE8D6 /* Products */;
			projectDirPath = "";
			projectRoot = "";
			targets = (
				9449657C1F451E39004FE8D6 /* MyBook */,
			);
		};
/* End PBXProject section */

/* Begin PBXResourcesBuildPhase section */
		9449657B1F451E39004FE8D6 /* Resources */ = {
			isa = PBXResourcesBuildPhase;
			buildActionMask = 2147483647;
			files = (
				9449658B1F451E3A004FE8D6 /* LaunchScreen.storyboard in Resources */,
				944965881F451E3A004FE8D6 /* Assets.xcassets in Resources */,
				944965861F451E3A004FE8D6 /* Main.storyboard in Resources */,
			);
			runOnlyForDeploymentPostprocessing = 0;
		};
/* End PBXResourcesBuildPhase section */

/* Begin PBXSourcesBuildPhase section */
		944965791F451E39004FE8D6 /* Sources */ = {
			isa = PBXSourcesBuildPhase;
			buildActionMask = 2147483647;
			files = (
				944965931F4522BF004FE8D6 /* LoginViewController.swift in Sources */,
				94AEB5FF1F46C8BA0037CDF0 /* AddBookViewController.swift in Sources */,
				944965831F451E3A004FE8D6 /* ViewController.swift in Sources */,
				94AEB5D01F4563380037CDF0 /* BookDetailViewController.swift in Sources */,
				94AEB5D21F456E750037CDF0 /* WebViewController.swift in Sources */,
				94AEB5FD1F46C8B50037CDF0 /* BookListTableViewController.swift in Sources */,
				94AEB5CE1F455A4A0037CDF0 /* Book.swift in Sources */,
				944965811F451E3A004FE8D6 /* AppDelegate.swift in Sources */,
			);
			runOnlyForDeploymentPostprocessing = 0;
		};
/* End PBXSourcesBuildPhase section */

/* Begin PBXVariantGroup section */
		944965841F451E3A004FE8D6 /* Main.storyboard */ = {
			isa = PBXVariantGroup;
			children = (
				944965851F451E3A004FE8D6 /* Base */,
			);
			name = Main.storyboard;
			sourceTree = "<group>";
		};
		944965891F451E3A004FE8D6 /* LaunchScreen.storyboard */ = {
			isa = PBXVariantGroup;
			children = (
				9449658A1F451E3A004FE8D6 /* Base */,
			);
			name = LaunchScreen.storyboard;
			sourceTree = "<group>";
		};
/* End PBXVariantGroup section */

/* Begin XCBuildConfiguration section */
		9449658D1F451E3A004FE8D6 /* Debug */ = {
			isa = XCBuildConfiguration;
			buildSettings = {
				ALWAYS_SEARCH_USER_PATHS = NO;
				CLANG_ANALYZER_NONNULL = YES;
				CLANG_ANALYZER_NUMBER_OBJECT_CONVERSION = YES_AGGRESSIVE;
				CLANG_CXX_LANGUAGE_STANDARD = "gnu++0x";
				CLANG_CXX_LIBRARY = "libc++";
				CLANG_ENABLE_MODULES = YES;
				CLANG_ENABLE_OBJC_ARC = YES;
				CLANG_WARN_BOOL_CONVERSION = YES;
				CLANG_WARN_CONSTANT_CONVERSION = YES;
				CLANG_WARN_DIRECT_OBJC_ISA_USAGE = YES_ERROR;
				CLANG_WARN_DOCUMENTATION_COMMENTS = YES;
				CLANG_WARN_EMPTY_BODY = YES;
				CLANG_WARN_ENUM_CONVERSION = YES;
				CLANG_WARN_INFINITE_RECURSION = YES;
				CLANG_WARN_INT_CONVERSION = YES;
				CLANG_WARN_OBJC_ROOT_CLASS = YES_ERROR;
				CLANG_WARN_SUSPICIOUS_MOVE = YES;
				CLANG_WARN_UNREACHABLE_CODE = YES;
				CLANG_WARN__DUPLICATE_METHOD_MATCH = YES;
				"CODE_SIGN_IDENTITY[sdk=iphoneos*]" = "iPhone Developer";
				COPY_PHASE_STRIP = NO;
				DEBUG_INFORMATION_FORMAT = dwarf;
				ENABLE_STRICT_OBJC_MSGSEND = YES;
				ENABLE_TESTABILITY = YES;
				GCC_C_LANGUAGE_STANDARD = gnu99;
				GCC_DYNAMIC_NO_PIC = NO;
				GCC_NO_COMMON_BLOCKS = YES;
				GCC_OPTIMIZATION_LEVEL = 0;
				GCC_PREPROCESSOR_DEFINITIONS = (
					"DEBUG=1",
					"$(inherited)",
				);
				GCC_WARN_64_TO_32_BIT_CONVERSION = YES;
				GCC_WARN_ABOUT_RETURN_TYPE = YES_ERROR;
				GCC_WARN_UNDECLARED_SELECTOR = YES;
				GCC_WARN_UNINITIALIZED_AUTOS = YES_AGGRESSIVE;
				GCC_WARN_UNUSED_FUNCTION = YES;
				GCC_WARN_UNUSED_VARIABLE = YES;
				IPHONEOS_DEPLOYMENT_TARGET = 10.3;
				MTL_ENABLE_DEBUG_INFO = YES;
				ONLY_ACTIVE_ARCH = YES;
				SDKROOT = iphoneos;
				SWIFT_ACTIVE_COMPILATION_CONDITIONS = DEBUG;
				SWIFT_OPTIMIZATION_LEVEL = "-Onone";
				TARGETED_DEVICE_FAMILY = "1,2";
			};
			name = Debug;
		};
		9449658E1F451E3A004FE8D6 /* Release */ = {
			isa = XCBuildConfiguration;
			buildSettings = {
				ALWAYS_SEARCH_USER_PATHS = NO;
				CLANG_ANALYZER_NONNULL = YES;
				CLANG_ANALYZER_NUMBER_OBJECT_CONVERSION = YES_AGGRESSIVE;
				CLANG_CXX_LANGUAGE_STANDARD = "gnu++0x";
				CLANG_CXX_LIBRARY = "libc++";
				CLANG_ENABLE_MODULES = YES;
				CLANG_ENABLE_OBJC_ARC = YES;
				CLANG_WARN_BOOL_CONVERSION = YES;
				CLANG_WARN_CONSTANT_CONVERSION = YES;
				CLANG_WARN_DIRECT_OBJC_ISA_USAGE = YES_ERROR;
				CLANG_WARN_DOCUMENTATION_COMMENTS = YES;
				CLANG_WARN_EMPTY_BODY = YES;
				CLANG_WARN_ENUM_CONVERSION = YES;
				CLANG_WARN_INFINITE_RECURSION = YES;
				CLANG_WARN_INT_CONVERSION = YES;
				CLANG_WARN_OBJC_ROOT_CLASS = YES_ERROR;
				CLANG_WARN_SUSPICIOUS_MOVE = YES;
				CLANG_WARN_UNREACHABLE_CODE = YES;
				CLANG_WARN__DUPLICATE_METHOD_MATCH = YES;
				"CODE_SIGN_IDENTITY[sdk=iphoneos*]" = "iPhone Developer";
				COPY_PHASE_STRIP = NO;
				DEBUG_INFORMATION_FORMAT = "dwarf-with-dsym";
				ENABLE_NS_ASSERTIONS = NO;
				ENABLE_STRICT_OBJC_MSGSEND = YES;
				GCC_C_LANGUAGE_STANDARD = gnu99;
				GCC_NO_COMMON_BLOCKS = YES;
				GCC_WARN_64_TO_32_BIT_CONVERSION = YES;
				GCC_WARN_ABOUT_RETURN_TYPE = YES_ERROR;
				GCC_WARN_UNDECLARED_SELECTOR = YES;
				GCC_WARN_UNINITIALIZED_AUTOS = YES_AGGRESSIVE;
				GCC_WARN_UNUSED_FUNCTION = YES;
				GCC_WARN_UNUSED_VARIABLE = YES;
				IPHONEOS_DEPLOYMENT_TARGET = 10.3;
				MTL_ENABLE_DEBUG_INFO = NO;
				SDKROOT = iphoneos;
				SWIFT_OPTIMIZATION_LEVEL = "-Owholemodule";
				TARGETED_DEVICE_FAMILY = "1,2";
				VALIDATE_PRODUCT = YES;
			};
			name = Release;
		};
		944965901F451E3A004FE8D6 /* Debug */ = {
			isa = XCBuildConfiguration;
			buildSettings = {
				ASSETCATALOG_COMPILER_APPICON_NAME = AppIcon;
				DEVELOPMENT_TEAM = LS2H5K9TR4;
				INFOPLIST_FILE = MyBook/Info.plist;
				LD_RUNPATH_SEARCH_PATHS = "$(inherited) @executable_path/Frameworks";
				PRODUCT_BUNDLE_IDENTIFIER = net.chm.MyBook;
				PRODUCT_NAME = "$(TARGET_NAME)";
				SWIFT_VERSION = 3.0;
			};
			name = Debug;
		};
		944965911F451E3A004FE8D6 /* Release */ = {
			isa = XCBuildConfiguration;
			buildSettings = {
				ASSETCATALOG_COMPILER_APPICON_NAME = AppIcon;
				DEVELOPMENT_TEAM = LS2H5K9TR4;
				INFOPLIST_FILE = MyBook/Info.plist;
				LD_RUNPATH_SEARCH_PATHS = "$(inherited) @executable_path/Frameworks";
				PRODUCT_BUNDLE_IDENTIFIER = net.chm.MyBook;
				PRODUCT_NAME = "$(TARGET_NAME)";
				SWIFT_VERSION = 3.0;
			};
			name = Release;
		};
/* End XCBuildConfiguration section */

/* Begin XCConfigurationList section */
		944965781F451E39004FE8D6 /* Build configuration list for PBXProject "MyBook" */ = {
			isa = XCConfigurationList;
			buildConfigurations = (
				9449658D1F451E3A004FE8D6 /* Debug */,
				9449658E1F451E3A004FE8D6 /* Release */,
			);
			defaultConfigurationIsVisible = 0;
			defaultConfigurationName = Release;
		};
		9449658F1F451E3A004FE8D6 /* Build configuration list for PBXNativeTarget "MyBook" */ = {
			isa = XCConfigurationList;
			buildConfigurations = (
				944965901F451E3A004FE8D6 /* Debug */,
				944965911F451E3A004FE8D6 /* Release */,
			);
			defaultConfigurationIsVisible = 0;
			defaultConfigurationName = Release;
		};
/* End XCConfigurationList section */
	};
	rootObject = 944965751F451E39004FE8D6 /* Project object */;
}
